{
  "originHash" : "c309cd9512d8436535ba21d8bf788f62f66eecca02e6b5cba8958c9ed708ca68",
  "pins" : [
    {
      "identity" : "clerk-ios",
      "kind" : "remoteSourceControl",
      "location" : "https://github.com/clerk/clerk-ios",
      "state" : {
        "revision" : "059c48344d84e5c0867a9765b21f113327b4a709",
        "version" : "1.5.4"
      }
    },
    {
      "identity" : "convex-swift",
      "kind" : "remoteSourceControl",
      "location" : "https://github.com/get-convex/convex-swift",
      "state" : {
        "revision" : "125b71b2f8725931a5b0e8252f0799ef2adad120",
        "version" : "0.8.1"
      }
    },
    {
      "identity" : "nuke",
      "kind" : "remoteSourceControl",
      "location" : "https://github.com/kean/Nuke.git",
      "state" : {
        "revision" : "30f7a7e72e0607d304fbf69c799474bd5fb6d1ce",
        "version" : "13.2.0"
      }
    },
    {
      "identity" : "phonenumberkit",
      "kind" : "remoteSourceControl",
      "location" : "https://github.com/PhoneNumberKit/PhoneNumberKit",
      "state" : {
        "revision" : "faf1703e6fc71c699e911ff0e306c58ad7c756c0",
        "version" : "5.0.11"
      }
    }
  ],
  "version" : 3
}
